PODS:
  - AFNetworking (2.6.3):
    - AFNetworking/NSURLConnection (= 2.6.3)
    - AFNetworking/NSURLSession (= 2.6.3)
    - AFNetworking/Reachability (= 2.6.3)
    - AFNetworking/Security (= 2.6.3)
    - AFNetworking/Serialization (= 2.6.3)
    - AFNetworking/UIKit (= 2.6.3)
  - AFNetworking/NSURLConnection (2.6.3):
    - AFNetworking/Reachability
    - AFNetworking/Security
    - AFNetworking/Serialization
  - AFNetworking/NSURLSession (2.6.3):
    - AFNetworking/Reachability
    - AFNetworking/Security
    - AFNetworking/Serialization
  - AFNetworking/Reachability (2.6.3)
  - AFNetworking/Security (2.6.3)
  - AFNetworking/Serialization (2.6.3)
  - AFNetworking/UIKit (2.6.3):
    - AFNetworking/NSURLConnection
    - AFNetworking/NSURLSession
  - APFeed (3.5.1):
    - Applicaster (= 2.18.183)
  - Applicaster (2.18.183):
    - AFNetworking (= 2.6.3)
    - CocoaLumberjack (= 1.9.2)
    - comScore-iOS-SDK (= 3.1509.15)
    - FBSDKCoreKit (= 4.7.0)
    - FBSDKLoginKit (= 4.7.0)
    - FBSDKShareKit (= 4.7.0)
    - Flurry-iOS-SDK (= 7.3.0)
    - Google-Mobile-Ads-SDK (= 7.6.0)
    - GoogleAnalytics (= 3.14.0)
    - HockeySDK (= 3.8.5)
    - Mixpanel (~> 2.9.1)
    - TTTAttributedLabel (= 1.13.1)
  - Bolts (1.6.0):
    - Bolts/AppLinks (= 1.6.0)
    - Bolts/Tasks (= 1.6.0)
  - Bolts/AppLinks (1.6.0):
    - Bolts/Tasks
  - Bolts/Tasks (1.6.0)
  - CocoaLumberjack (1.9.2):
    - CocoaLumberjack/Extensions (= 1.9.2)
  - CocoaLumberjack/Core (1.9.2)
  - CocoaLumberjack/Extensions (1.9.2):
    - CocoaLumberjack/Core
  - comScore-iOS-SDK (3.1509.15)
  - FBSDKCoreKit (4.7.0):
    - Bolts (~> 1.1)
    - FBSDKCoreKit/arc (= 4.7.0)
    - FBSDKCoreKit/no-arc (= 4.7.0)
  - FBSDKCoreKit/arc (4.7.0):
    - Bolts (~> 1.1)
  - FBSDKCoreKit/no-arc (4.7.0):
    - Bolts (~> 1.1)
    - FBSDKCoreKit/arc
  - FBSDKLoginKit (4.7.0):
    - FBSDKCoreKit
  - FBSDKShareKit (4.7.0):
    - FBSDKCoreKit
  - Flurry-iOS-SDK (7.3.0):
    - Flurry-iOS-SDK/FlurrySDK (= 7.3.0)
  - Flurry-iOS-SDK/FlurrySDK (7.3.0)
  - Google-Mobile-Ads-SDK (7.6.0)
  - GoogleAnalytics (3.14.0)
  - HockeySDK (3.8.5):
    - HockeySDK/AllFeaturesLib (= 3.8.5)
  - HockeySDK/AllFeaturesLib (3.8.5)
  - Mixpanel (2.9.3):
    - Mixpanel/Mixpanel (= 2.9.3)
  - Mixpanel/Mixpanel (2.9.3)
  - TTTAttributedLabel (1.13.1)

DEPENDENCIES:
  - AFNetworking (= 2.6.3)
  - APFeed (= 3.5.1)
  - CocoaLumberjack (= 1.9.2)
  - comScore-iOS-SDK (= 3.1509.15)
  - FBSDKCoreKit (= 4.7.0)
  - FBSDKLoginKit (= 4.7.0)
  - FBSDKShareKit (= 4.7.0)
  - Flurry-iOS-SDK (= 7.3.0)
  - Google-Mobile-Ads-SDK (= 7.6.0)
  - GoogleAnalytics (= 3.14.0)
  - HockeySDK (= 3.8.5)
  - Mixpanel (~> 2.9.0)
  - TTTAttributedLabel (= 1.13.1)

SPEC CHECKSUMS:
  AFNetworking: cb8d14a848e831097108418f5d49217339d4eb60
  APFeed: 36522ed16c7c2fb007acd909cc0ca07108117d3a
  Applicaster: 678cc17c4cf2a25a2051dace142d687326531cee
  Bolts: f52a250053bb517ca874523c3913776359ab3def
  CocoaLumberjack: 628fca2e88ef06f7cf6817309aa405f325d9a6fa
  comScore-iOS-SDK: ad03c1d6cb7fb700270e78f483fe62591a4bcd43
  FBSDKCoreKit: eb580bfc2040ad44f4c0b4f4d0befb1d35bce59c
  FBSDKLoginKit: 01bce8dd3f3a26a023b0ba4ffdde7ef5062889fe
  FBSDKShareKit: 1f927bb05e4d36a99d5d5bf2f4b1ff294ce3e15c
  Flurry-iOS-SDK: 054befae0fa0244fb000985bfe757d70f87a9f60
  Google-Mobile-Ads-SDK: 0290020329c61183c4685304264b73382bc49fb4
  GoogleAnalytics: 9be1afdb8deeac4bb5f13ca7f7d3b9db2a1f43dc
  HockeySDK: dd11a2b9da3372fd025643bee5bc10c8c613d169
  Mixpanel: b9ff1c5d41fc07037d4b813bf2799c050ee3e49b
  TTTAttributedLabel: 0a9e524c8d78301506c26affffc827429b833b25

COCOAPODS: 0.39.0
