// !$*UTF8*$!
{
	archiveVersion = 1;
	classes = {
	};
	objectVersion = 46;
	objects = {

/* Begin PBXBuildFile section */
		1D15EA461C846F2A0055BADE /* AppDelegate.m in Sources */ = {isa = PBXBuildFile; fileRef = 1D35250A1C735087004DB5B5 /* AppDelegate.m */; };
		1D15EA471C846F320055BADE /* APFeedDemoTableViewController.m in Sources */ = {isa = PBXBuildFile; fileRef = 1DA411A21C74956A00C76F50 /* APFeedDemoTableViewController.m */; };
		1D15EA481C846F350055BADE /* ApplicasterSettings.plist in Resources */ = {isa = PBXBuildFile; fileRef = 1D51C4241C74795A00692F80 /* ApplicasterSettings.plist */; };
		1D15EA491C846F9A0055BADE /* Assets.xcassets in Resources */ = {isa = PBXBuildFile; fileRef = 1D3525121C735087004DB5B5 /* Assets.xcassets */; };
		1D15EA4A1C846F9F0055BADE /* Main.storyboard in Resources */ = {isa = PBXBuildFile; fileRef = 1D35250F1C735087004DB5B5 /* Main.storyboard */; };
		1D15EA4B1C846FA40055BADE /* LaunchScreen.storyboard in Resources */ = {isa = PBXBuildFile; fileRef = 1D3525141C735087004DB5B5 /* LaunchScreen.storyboard */; };
		1D15EA4C1C846FAC0055BADE /* main.m in Sources */ = {isa = PBXBuildFile; fileRef = 1D3525071C735087004DB5B5 /* main.m */; };
		1D15EA561C8470630055BADE /* libapplicaster-lite.a in Frameworks */ = {isa = PBXBuildFile; fileRef = 1D15EA551C8470630055BADE /* libapplicaster-lite.a */; };
		1D15EA581C8470690055BADE /* libAPFeed2.a in Frameworks */ = {isa = PBXBuildFile; fileRef = 1D15EA571C8470690055BADE /* libAPFeed2.a */; };
		1D15EA6E1C8476230055BADE /* Social.framework in Frameworks */ = {isa = PBXBuildFile; fileRef = 1D15EA6D1C8476230055BADE /* Social.framework */; };
		1D15EA701C8476360055BADE /* Accelerate.framework in Frameworks */ = {isa = PBXBuildFile; fileRef = 1D15EA6F1C8476360055BADE /* Accelerate.framework */; };
		1D15EA721C8476420055BADE /* iAd.framework in Frameworks */ = {isa = PBXBuildFile; fileRef = 1D15EA711C8476420055BADE /* iAd.framework */; };
		1D3525081C735087004DB5B5 /* main.m in Sources */ = {isa = PBXBuildFile; fileRef = 1D3525071C735087004DB5B5 /* main.m */; };
		1D35250B1C735087004DB5B5 /* AppDelegate.m in Sources */ = {isa = PBXBuildFile; fileRef = 1D35250A1C735087004DB5B5 /* AppDelegate.m */; };
		1D3525111C735087004DB5B5 /* Main.storyboard in Resources */ = {isa = PBXBuildFile; fileRef = 1D35250F1C735087004DB5B5 /* Main.storyboard */; };
		1D3525131C735087004DB5B5 /* Assets.xcassets in Resources */ = {isa = PBXBuildFile; fileRef = 1D3525121C735087004DB5B5 /* Assets.xcassets */; };
		1D3525161C735087004DB5B5 /* LaunchScreen.storyboard in Resources */ = {isa = PBXBuildFile; fileRef = 1D3525141C735087004DB5B5 /* LaunchScreen.storyboard */; };
		1D51C4251C74795A00692F80 /* ApplicasterSettings.plist in Resources */ = {isa = PBXBuildFile; fileRef = 1D51C4241C74795A00692F80 /* ApplicasterSettings.plist */; };
		1DA411A31C74956A00C76F50 /* APFeedDemoTableViewController.m in Sources */ = {isa = PBXBuildFile; fileRef = 1DA411A21C74956A00C76F50 /* APFeedDemoTableViewController.m */; };
		28A5662C09DEEA7363AFE058 /* libPods-FeedDemo-ObjectiveC.a in Frameworks */ = {isa = PBXBuildFile; fileRef = 0FB52F499D172CAEB65D07B2 /* libPods-FeedDemo-ObjectiveC.a */; };
		C08D152DF4002E88ADBEAE53 /* libPods-Applicaster-Development.a in Frameworks */ = {isa = PBXBuildFile; fileRef = 0E67AD486C2DB32199121863 /* libPods-Applicaster-Development.a */; };
/* End PBXBuildFile section */

/* Begin PBXFileReference section */
		0A1C3B0451FBAA5F9A16D921 /* Pods.release.xcconfig */ = {isa = PBXFileReference; includeInIndex = 1; lastKnownFileType = text.xcconfig; name = Pods.release.xcconfig; path = "Pods/Target Support Files/Pods/Pods.release.xcconfig"; sourceTree = "<group>"; };
		0E67AD486C2DB32199121863 /* libPods-Applicaster-Development.a */ = {isa = PBXFileReference; explicitFileType = archive.ar; includeInIndex = 0; path = "libPods-Applicaster-Development.a"; sourceTree = BUILT_PRODUCTS_DIR; };
		0FB52F499D172CAEB65D07B2 /* libPods-FeedDemo-ObjectiveC.a */ = {isa = PBXFileReference; explicitFileType = archive.ar; includeInIndex = 0; path = "libPods-FeedDemo-ObjectiveC.a"; sourceTree = BUILT_PRODUCTS_DIR; };
		1D15EA341C846F140055BADE /* Applicaster-Development.app */ = {isa = PBXFileReference; explicitFileType = wrapper.application; includeInIndex = 0; path = "Applicaster-Development.app"; sourceTree = BUILT_PRODUCTS_DIR; };
		1D15EA551C8470630055BADE /* libapplicaster-lite.a */ = {isa = PBXFileReference; lastKnownFileType = archive.ar; name = "libapplicaster-lite.a"; path = "../ApplicasterDev/applicaster2-sdk/build/Debug-iphoneos/libapplicaster-lite.a"; sourceTree = "<group>"; };
		1D15EA571C8470690055BADE /* libAPFeed2.a */ = {isa = PBXFileReference; lastKnownFileType = archive.ar; name = libAPFeed2.a; path = "../ApplicasterDev/Feed-2.0-iOS/build/Debug-iphoneos/libAPFeed2.a"; sourceTree = "<group>"; };
		1D15EA6D1C8476230055BADE /* Social.framework */ = {isa = PBXFileReference; lastKnownFileType = wrapper.framework; name = Social.framework; path = System/Library/Frameworks/Social.framework; sourceTree = SDKROOT; };
		1D15EA6F1C8476360055BADE /* Accelerate.framework */ = {isa = PBXFileReference; lastKnownFileType = wrapper.framework; name = Accelerate.framework; path = System/Library/Frameworks/Accelerate.framework; sourceTree = SDKROOT; };
		1D15EA711C8476420055BADE /* iAd.framework */ = {isa = PBXFileReference; lastKnownFileType = wrapper.framework; name = iAd.framework; path = System/Library/Frameworks/iAd.framework; sourceTree = SDKROOT; };
		1D3525031C735087004DB5B5 /* FeedDemo-ObjectiveC.app */ = {isa = PBXFileReference; explicitFileType = wrapper.application; includeInIndex = 0; path = "FeedDemo-ObjectiveC.app"; sourceTree = BUILT_PRODUCTS_DIR; };
		1D3525071C735087004DB5B5 /* main.m */ = {isa = PBXFileReference; lastKnownFileType = sourcecode.c.objc; path = main.m; sourceTree = "<group>"; };
		1D3525091C735087004DB5B5 /* AppDelegate.h */ = {isa = PBXFileReference; lastKnownFileType = sourcecode.c.h; path = AppDelegate.h; sourceTree = "<group>"; };
		1D35250A1C735087004DB5B5 /* AppDelegate.m */ = {isa = PBXFileReference; lastKnownFileType = sourcecode.c.objc; path = AppDelegate.m; sourceTree = "<group>"; };
		1D3525101C735087004DB5B5 /* Base */ = {isa = PBXFileReference; lastKnownFileType = file.storyboard; name = Base; path = Base.lproj/Main.storyboard; sourceTree = "<group>"; };
		1D3525121C735087004DB5B5 /* Assets.xcassets */ = {isa = PBXFileReference; lastKnownFileType = folder.assetcatalog; path = Assets.xcassets; sourceTree = "<group>"; };
		1D3525151C735087004DB5B5 /* Base */ = {isa = PBXFileReference; lastKnownFileType = file.storyboard; name = Base; path = Base.lproj/LaunchScreen.storyboard; sourceTree = "<group>"; };
		1D3525171C735087004DB5B5 /* Info.plist */ = {isa = PBXFileReference; lastKnownFileType = text.plist.xml; path = Info.plist; sourceTree = "<group>"; };
		1D51C4241C74795A00692F80 /* ApplicasterSettings.plist */ = {isa = PBXFileReference; fileEncoding = 4; lastKnownFileType = text.plist.xml; path = ApplicasterSettings.plist; sourceTree = "<group>"; };
		1DA411A11C74956A00C76F50 /* APFeedDemoTableViewController.h */ = {isa = PBXFileReference; fileEncoding = 4; lastKnownFileType = sourcecode.c.h; path = APFeedDemoTableViewController.h; sourceTree = "<group>"; };
		1DA411A21C74956A00C76F50 /* APFeedDemoTableViewController.m */ = {isa = PBXFileReference; fileEncoding = 4; lastKnownFileType = sourcecode.c.objc; path = APFeedDemoTableViewController.m; sourceTree = "<group>"; };
		6A1B5F20FDC9244D40EB856F /* Pods-Applicaster-Development.debug.xcconfig */ = {isa = PBXFileReference; includeInIndex = 1; lastKnownFileType = text.xcconfig; name = "Pods-Applicaster-Development.debug.xcconfig"; path = "Pods/Target Support Files/Pods-Applicaster-Development/Pods-Applicaster-Development.debug.xcconfig"; sourceTree = "<group>"; };
		97BA2F8B5EC084E115BBA855 /* Pods-FeedDemo-ObjectiveC.debug.xcconfig */ = {isa = PBXFileReference; includeInIndex = 1; lastKnownFileType = text.xcconfig; name = "Pods-FeedDemo-ObjectiveC.debug.xcconfig"; path = "Pods/Target Support Files/Pods-FeedDemo-ObjectiveC/Pods-FeedDemo-ObjectiveC.debug.xcconfig"; sourceTree = "<group>"; };
		E559E8DAA2B5AC0EB487ECFD /* Pods-Applicaster-Development.release.xcconfig */ = {isa = PBXFileReference; includeInIndex = 1; lastKnownFileType = text.xcconfig; name = "Pods-Applicaster-Development.release.xcconfig"; path = "Pods/Target Support Files/Pods-Applicaster-Development/Pods-Applicaster-Development.release.xcconfig"; sourceTree = "<group>"; };
		E98389C63258F54C4EA8AB2E /* libPods.a */ = {isa = PBXFileReference; explicitFileType = archive.ar; includeInIndex = 0; path = libPods.a; sourceTree = BUILT_PRODUCTS_DIR; };
		ECA59E1246D2ED63C7B60FC9 /* Pods.debug.xcconfig */ = {isa = PBXFileReference; includeInIndex = 1; lastKnownFileType = text.xcconfig; name = Pods.debug.xcconfig; path = "Pods/Target Support Files/Pods/Pods.debug.xcconfig"; sourceTree = "<group>"; };
		F75B7B72ED90E165BF19CD26 /* Pods-FeedDemo-ObjectiveC.release.xcconfig */ = {isa = PBXFileReference; includeInIndex = 1; lastKnownFileType = text.xcconfig; name = "Pods-FeedDemo-ObjectiveC.release.xcconfig"; path = "Pods/Target Support Files/Pods-FeedDemo-ObjectiveC/Pods-FeedDemo-ObjectiveC.release.xcconfig"; sourceTree = "<group>"; };
/* End PBXFileReference section */

/* Begin PBXFrameworksBuildPhase section */
		1D15EA311C846F140055BADE /* Frameworks */ = {
			isa = PBXFrameworksBuildPhase;
			buildActionMask = 2147483647;
			files = (
				1D15EA721C8476420055BADE /* iAd.framework in Frameworks */,
				1D15EA701C8476360055BADE /* Accelerate.framework in Frameworks */,
				1D15EA6E1C8476230055BADE /* Social.framework in Frameworks */,
				1D15EA561C8470630055BADE /* libapplicaster-lite.a in Frameworks */,
				1D15EA581C8470690055BADE /* libAPFeed2.a in Frameworks */,
				C08D152DF4002E88ADBEAE53 /* libPods-Applicaster-Development.a in Frameworks */,
			);
			runOnlyForDeploymentPostprocessing = 0;
		};
		1D3525001C735087004DB5B5 /* Frameworks */ = {
			isa = PBXFrameworksBuildPhase;
			buildActionMask = 2147483647;
			files = (
				28A5662C09DEEA7363AFE058 /* libPods-FeedDemo-ObjectiveC.a in Frameworks */,
			);
			runOnlyForDeploymentPostprocessing = 0;
		};
/* End PBXFrameworksBuildPhase section */

/* Begin PBXGroup section */
		17C505B4DA559F078351399E /* Pods */ = {
			isa = PBXGroup;
			children = (
				ECA59E1246D2ED63C7B60FC9 /* Pods.debug.xcconfig */,
				0A1C3B0451FBAA5F9A16D921 /* Pods.release.xcconfig */,
				6A1B5F20FDC9244D40EB856F /* Pods-Applicaster-Development.debug.xcconfig */,
				E559E8DAA2B5AC0EB487ECFD /* Pods-Applicaster-Development.release.xcconfig */,
				97BA2F8B5EC084E115BBA855 /* Pods-FeedDemo-ObjectiveC.debug.xcconfig */,
				F75B7B72ED90E165BF19CD26 /* Pods-FeedDemo-ObjectiveC.release.xcconfig */,
			);
			name = Pods;
			sourceTree = "<group>";
		};
		1D3524FA1C735087004DB5B5 = {
			isa = PBXGroup;
			children = (
				1D3525051C735087004DB5B5 /* FeedDemo-ObjectiveC */,
				1D3525041C735087004DB5B5 /* Products */,
				17C505B4DA559F078351399E /* Pods */,
				E9A4D9180A20702EC5B53B76 /* Frameworks */,
			);
			sourceTree = "<group>";
		};
		1D3525041C735087004DB5B5 /* Products */ = {
			isa = PBXGroup;
			children = (
				1D3525031C735087004DB5B5 /* FeedDemo-ObjectiveC.app */,
				1D15EA341C846F140055BADE /* Applicaster-Development.app */,
			);
			name = Products;
			sourceTree = "<group>";
		};
		1D3525051C735087004DB5B5 /* FeedDemo-ObjectiveC */ = {
			isa = PBXGroup;
			children = (
				1D3525091C735087004DB5B5 /* AppDelegate.h */,
				1D35250A1C735087004DB5B5 /* AppDelegate.m */,
				1DA411971C74905100C76F50 /* Classes */,
				1D35250F1C735087004DB5B5 /* Main.storyboard */,
				1D3525121C735087004DB5B5 /* Assets.xcassets */,
				1D3525141C735087004DB5B5 /* LaunchScreen.storyboard */,
				1D51C4241C74795A00692F80 /* ApplicasterSettings.plist */,
				1D3525171C735087004DB5B5 /* Info.plist */,
				1D3525061C735087004DB5B5 /* Supporting Files */,
			);
			path = "FeedDemo-ObjectiveC";
			sourceTree = "<group>";
		};
		1D3525061C735087004DB5B5 /* Supporting Files */ = {
			isa = PBXGroup;
			children = (
				1D3525071C735087004DB5B5 /* main.m */,
			);
			name = "Supporting Files";
			sourceTree = "<group>";
		};
		1DA411971C74905100C76F50 /* Classes */ = {
			isa = PBXGroup;
			children = (
				1DA411A11C74956A00C76F50 /* APFeedDemoTableViewController.h */,
				1DA411A21C74956A00C76F50 /* APFeedDemoTableViewController.m */,
			);
			path = Classes;
			sourceTree = "<group>";
		};
		E9A4D9180A20702EC5B53B76 /* Frameworks */ = {
			isa = PBXGroup;
			children = (
				1D15EA711C8476420055BADE /* iAd.framework */,
				1D15EA6F1C8476360055BADE /* Accelerate.framework */,
				1D15EA6D1C8476230055BADE /* Social.framework */,
				1D15EA571C8470690055BADE /* libAPFeed2.a */,
				1D15EA551C8470630055BADE /* libapplicaster-lite.a */,
				E98389C63258F54C4EA8AB2E /* libPods.a */,
				0E67AD486C2DB32199121863 /* libPods-Applicaster-Development.a */,
				0FB52F499D172CAEB65D07B2 /* libPods-FeedDemo-ObjectiveC.a */,
			);
			name = Frameworks;
			sourceTree = "<group>";
		};
/* End PBXGroup section */

/* Begin PBXNativeTarget section */
		1D15EA331C846F140055BADE /* Applicaster-Development */ = {
			isa = PBXNativeTarget;
			buildConfigurationList = 1D15EA451C846F140055BADE /* Build configuration list for PBXNativeTarget "Applicaster-Development" */;
			buildPhases = (
				7AF87B0C878E64E3D0746609 /* Check Pods Manifest.lock */,
				1D15EA301C846F140055BADE /* Sources */,
				1D15EA311C846F140055BADE /* Frameworks */,
				1D15EA321C846F140055BADE /* Resources */,
				31CB4C6AC5C507ABC7084AD5 /* Embed Pods Frameworks */,
				784B6DB13A1846052114F64C /* Copy Pods Resources */,
			);
			buildRules = (
			);
			dependencies = (
			);
			name = "Applicaster-Development";
			productName = "Applicaster-Development";
			productReference = 1D15EA341C846F140055BADE /* Applicaster-Development.app */;
			productType = "com.apple.product-type.application";
		};
		1D3525021C735087004DB5B5 /* FeedDemo-ObjectiveC */ = {
			isa = PBXNativeTarget;
			buildConfigurationList = 1D35251A1C735087004DB5B5 /* Build configuration list for PBXNativeTarget "FeedDemo-ObjectiveC" */;
			buildPhases = (
				FFDAD48093F1B4B051006103 /* Check Pods Manifest.lock */,
				1D3524FF1C735087004DB5B5 /* Sources */,
				1D3525001C735087004DB5B5 /* Frameworks */,
				1D3525011C735087004DB5B5 /* Resources */,
				68689CF0B1C17FC2DB940E55 /* Embed Pods Frameworks */,
				DC326F097D28E940F754ABCD /* Copy Pods Resources */,
			);
			buildRules = (
			);
			dependencies = (
			);
			name = "FeedDemo-ObjectiveC";
			productName = "FeedDemo-ObjectiveC";
			productReference = 1D3525031C735087004DB5B5 /* FeedDemo-ObjectiveC.app */;
			productType = "com.apple.product-type.application";
		};
/* End PBXNativeTarget section */

/* Begin PBXProject section */
		1D3524FB1C735087004DB5B5 /* Project object */ = {
			isa = PBXProject;
			attributes = {
				LastSwiftUpdateCheck = 0720;
				LastUpgradeCheck = 0720;
				ORGANIZATIONNAME = "Applicaster LTD.";
				TargetAttributes = {
					1D15EA331C846F140055BADE = {
						CreatedOnToolsVersion = 7.2.1;
					};
					1D3525021C735087004DB5B5 = {
						CreatedOnToolsVersion = 7.2;
					};
				};
			};
			buildConfigurationList = 1D3524FE1C735087004DB5B5 /* Build configuration list for PBXProject "FeedDemo-ObjectiveC" */;
			compatibilityVersion = "Xcode 3.2";
			developmentRegion = English;
			hasScannedForEncodings = 0;
			knownRegions = (
				en,
				Base,
			);
			mainGroup = 1D3524FA1C735087004DB5B5;
			productRefGroup = 1D3525041C735087004DB5B5 /* Products */;
			projectDirPath = "";
			projectRoot = "";
			targets = (
				1D3525021C735087004DB5B5 /* FeedDemo-ObjectiveC */,
				1D15EA331C846F140055BADE /* Applicaster-Development */,
			);
		};
/* End PBXProject section */

/* Begin PBXResourcesBuildPhase section */
		1D15EA321C846F140055BADE /* Resources */ = {
			isa = PBXResourcesBuildPhase;
			buildActionMask = 2147483647;
			files = (
				1D15EA4A1C846F9F0055BADE /* Main.storyboard in Resources */,
				1D15EA4B1C846FA40055BADE /* LaunchScreen.storyboard in Resources */,
				1D15EA491C846F9A0055BADE /* Assets.xcassets in Resources */,
				1D15EA481C846F350055BADE /* ApplicasterSettings.plist in Resources */,
			);
			runOnlyForDeploymentPostprocessing = 0;
		};
		1D3525011C735087004DB5B5 /* Resources */ = {
			isa = PBXResourcesBuildPhase;
			buildActionMask = 2147483647;
			files = (
				1D51C4251C74795A00692F80 /* ApplicasterSettings.plist in Resources */,
				1D3525161C735087004DB5B5 /* LaunchScreen.storyboard in Resources */,
				1D3525131C735087004DB5B5 /* Assets.xcassets in Resources */,
				1D3525111C735087004DB5B5 /* Main.storyboard in Resources */,
			);
			runOnlyForDeploymentPostprocessing = 0;
		};
/* End PBXResourcesBuildPhase section */

/* Begin PBXShellScriptBuildPhase section */
		31CB4C6AC5C507ABC7084AD5 /* Embed Pods Frameworks */ = {
			isa = PBXShellScriptBuildPhase;
			buildActionMask = 2147483647;
			files = (
			);
			inputPaths = (
			);
			name = "Embed Pods Frameworks";
			outputPaths = (
			);
			runOnlyForDeploymentPostprocessing = 0;
			shellPath = /bin/sh;
			shellScript = "\"${SRCROOT}/Pods/Target Support Files/Pods-Applicaster-Development/Pods-Applicaster-Development-frameworks.sh\"\n";
			showEnvVarsInLog = 0;
		};
		68689CF0B1C17FC2DB940E55 /* Embed Pods Frameworks */ = {
			isa = PBXShellScriptBuildPhase;
			buildActionMask = 2147483647;
			files = (
			);
			inputPaths = (
			);
			name = "Embed Pods Frameworks";
			outputPaths = (
			);
			runOnlyForDeploymentPostprocessing = 0;
			shellPath = /bin/sh;
			shellScript = "\"${SRCROOT}/Pods/Target Support Files/Pods-FeedDemo-ObjectiveC/Pods-FeedDemo-ObjectiveC-frameworks.sh\"\n";
			showEnvVarsInLog = 0;
		};
		784B6DB13A1846052114F64C /* Copy Pods Resources */ = {
			isa = PBXShellScriptBuildPhase;
			buildActionMask = 2147483647;
			files = (
			);
			inputPaths = (
			);
			name = "Copy Pods Resources";
			outputPaths = (
			);
			runOnlyForDeploymentPostprocessing = 0;
			shellPath = /bin/sh;
			shellScript = "\"${SRCROOT}/Pods/Target Support Files/Pods-Applicaster-Development/Pods-Applicaster-Development-resources.sh\"\n";
			showEnvVarsInLog = 0;
		};
		7AF87B0C878E64E3D0746609 /* Check Pods Manifest.lock */ = {
			isa = PBXShellScriptBuildPhase;
			buildActionMask = 2147483647;
			files = (
			);
			inputPaths = (
			);
			name = "Check Pods Manifest.lock";
			outputPaths = (
			);
			runOnlyForDeploymentPostprocessing = 0;
			shellPath = /bin/sh;
			shellScript = "diff \"${PODS_ROOT}/../Podfile.lock\" \"${PODS_ROOT}/Manifest.lock\" > /dev/null\nif [[ $? != 0 ]] ; then\n    cat << EOM\nerror: The sandbox is not in sync with the Podfile.lock. Run 'pod install' or update your CocoaPods installation.\nEOM\n    exit 1\nfi\n";
			showEnvVarsInLog = 0;
		};
		DC326F097D28E940F754ABCD /* Copy Pods Resources */ = {
			isa = PBXShellScriptBuildPhase;
			buildActionMask = 2147483647;
			files = (
			);
			inputPaths = (
			);
			name = "Copy Pods Resources";
			outputPaths = (
			);
			runOnlyForDeploymentPostprocessing = 0;
			shellPath = /bin/sh;
			shellScript = "\"${SRCROOT}/Pods/Target Support Files/Pods-FeedDemo-ObjectiveC/Pods-FeedDemo-ObjectiveC-resources.sh\"\n";
			showEnvVarsInLog = 0;
		};
		FFDAD48093F1B4B051006103 /* Check Pods Manifest.lock */ = {
			isa = PBXShellScriptBuildPhase;
			buildActionMask = 2147483647;
			files = (
			);
			inputPaths = (
			);
			name = "Check Pods Manifest.lock";
			outputPaths = (
			);
			runOnlyForDeploymentPostprocessing = 0;
			shellPath = /bin/sh;
			shellScript = "diff \"${PODS_ROOT}/../Podfile.lock\" \"${PODS_ROOT}/Manifest.lock\" > /dev/null\nif [[ $? != 0 ]] ; then\n    cat << EOM\nerror: The sandbox is not in sync with the Podfile.lock. Run 'pod install' or update your CocoaPods installation.\nEOM\n    exit 1\nfi\n";
			showEnvVarsInLog = 0;
		};
/* End PBXShellScriptBuildPhase section */

/* Begin PBXSourcesBuildPhase section */
		1D15EA301C846F140055BADE /* Sources */ = {
			isa = PBXSourcesBuildPhase;
			buildActionMask = 2147483647;
			files = (
				1D15EA461C846F2A0055BADE /* AppDelegate.m in Sources */,
				1D15EA4C1C846FAC0055BADE /* main.m in Sources */,
				1D15EA471C846F320055BADE /* APFeedDemoTableViewController.m in Sources */,
			);
			runOnlyForDeploymentPostprocessing = 0;
		};
		1D3524FF1C735087004DB5B5 /* Sources */ = {
			isa = PBXSourcesBuildPhase;
			buildActionMask = 2147483647;
			files = (
				1DA411A31C74956A00C76F50 /* APFeedDemoTableViewController.m in Sources */,
				1D35250B1C735087004DB5B5 /* AppDelegate.m in Sources */,
				1D3525081C735087004DB5B5 /* main.m in Sources */,
			);
			runOnlyForDeploymentPostprocessing = 0;
		};
/* End PBXSourcesBuildPhase section */

/* Begin PBXVariantGroup section */
		1D35250F1C735087004DB5B5 /* Main.storyboard */ = {
			isa = PBXVariantGroup;
			children = (
				1D3525101C735087004DB5B5 /* Base */,
			);
			name = Main.storyboard;
			sourceTree = "<group>";
		};
		1D3525141C735087004DB5B5 /* LaunchScreen.storyboard */ = {
			isa = PBXVariantGroup;
			children = (
				1D3525151C735087004DB5B5 /* Base */,
			);
			name = LaunchScreen.storyboard;
			sourceTree = "<group>";
		};
/* End PBXVariantGroup section */

/* Begin XCBuildConfiguration section */
		1D15EA431C846F140055BADE /* Debug */ = {
			isa = XCBuildConfiguration;
			baseConfigurationReference = 6A1B5F20FDC9244D40EB856F /* Pods-Applicaster-Development.debug.xcconfig */;
			buildSettings = {
				ASSETCATALOG_COMPILER_APPICON_NAME = AppIcon;
				HEADER_SEARCH_PATHS = (
					"$(inherited)",
					"\"$(TARGET_BUILD_DIR)\"",
					"\"$(BUILD_ROOT)/../IntermediateBuildFilesPath/UninstalledProducts\"",
					"\"${PODS_ROOT}/Headers/Public\"",
					"\"${PODS_ROOT}/Headers/Public/AFNetworking\"",
					"\"${PODS_ROOT}/Headers/Public/APFeed\"",
					"\"${PODS_ROOT}/Headers/Public/Applicaster\"",
					"\"${PODS_ROOT}/Headers/Public/Bolts\"",
					"\"${PODS_ROOT}/Headers/Public/CocoaLumberjack\"",
					"\"${PODS_ROOT}/Headers/Public/FBSDKCoreKit\"",
					"\"${PODS_ROOT}/Headers/Public/FBSDKLoginKit\"",
					"\"${PODS_ROOT}/Headers/Public/FBSDKShareKit\"",
					"\"${PODS_ROOT}/Headers/Public/Flurry-iOS-SDK\"",
					"\"${PODS_ROOT}/Headers/Public/Google-Mobile-Ads-SDK\"",
					"\"${PODS_ROOT}/Headers/Public/GoogleAnalytics\"",
					"\"${PODS_ROOT}/Headers/Public/HockeySDK\"",
					"\"${PODS_ROOT}/Headers/Public/Mixpanel\"",
					"\"${PODS_ROOT}/Headers/Public/TTTAttributedLabel\"",
					"\"${PODS_ROOT}/Headers/Public/comScore-iOS-SDK\"",
				);
				INFOPLIST_FILE = "FeedDemo-ObjectiveC/Info.plist";
				LD_RUNPATH_SEARCH_PATHS = "$(inherited) @executable_path/Frameworks";
				OTHER_LDFLAGS = (
					"$(inherited)",
					"-ObjC",
					"-l\"AFNetworking\"",
					"-l\"Bolts\"",
					"-l\"CocoaLumberjack\"",
					"-l\"FBSDKCoreKit\"",
					"-l\"FBSDKLoginKit\"",
					"-l\"FBSDKShareKit\"",
					"-l\"Flurry-iOS-SDK\"",
					"-l\"Flurry_7.3.0\"",
					"-l\"GoogleAnalytics\"",
					"-l\"Mixpanel\"",
					"-l\"TTTAttributedLabel\"",
					"-l\"c++\"",
					"-l\"comScore\"",
					"-l\"icucore\"",
					"-l\"sqlite3\"",
					"-l\"z\"",
					"-framework",
					"\"AVFoundation\"",
					"-framework",
					"\"Accelerate\"",
					"-framework",
					"\"AssetsLibrary\"",
					"-framework",
					"\"AudioToolbox\"",
					"-framework",
					"\"CoreData\"",
					"-framework",
					"\"CoreGraphics\"",
					"-framework",
					"\"CoreMedia\"",
					"-framework",
					"\"CoreTelephony\"",
					"-framework",
					"\"CoreText\"",
					"-framework",
					"\"EventKit\"",
					"-framework",
					"\"EventKitUI\"",
					"-framework",
					"\"Foundation\"",
					"-framework",
					"\"GoogleMobileAds\"",
					"-framework",
					"\"HockeySDK\"",
					"-framework",
					"\"MessageUI\"",
					"-framework",
					"\"MobileCoreServices\"",
					"-framework",
					"\"QuartzCore\"",
					"-framework",
					"\"QuickLook\"",
					"-framework",
					"\"Security\"",
					"-framework",
					"\"StoreKit\"",
					"-framework",
					"\"SystemConfiguration\"",
					"-framework",
					"\"UIKit\"",
					"-weak_framework",
					"\"Accounts\"",
					"-weak_framework",
					"\"AdSupport\"",
					"-weak_framework",
					"\"AudioToolbox\"",
					"-weak_framework",
					"\"CoreGraphics\"",
					"-weak_framework",
					"\"CoreLocation\"",
					"-weak_framework",
					"\"Foundation\"",
					"-weak_framework",
					"\"QuartzCore\"",
					"-weak_framework",
					"\"Security\"",
					"-weak_framework",
					"\"Social\"",
					"-weak_framework",
					"\"UIKit\"",
					"-lz",
					"-lxml2",
					"-lsqlite3",
					"-lresolv",
					"-liconv",
				);
				PRODUCT_BUNDLE_IDENTIFIER = com.applicaster.applicaster;
				PRODUCT_NAME = "$(TARGET_NAME)";
				SWIFT_OPTIMIZATION_LEVEL = "-Onone";
			};
			name = Debug;
		};
		1D15EA441C846F140055BADE /* Release */ = {
			isa = XCBuildConfiguration;
			baseConfigurationReference = E559E8DAA2B5AC0EB487ECFD /* Pods-Applicaster-Development.release.xcconfig */;
			buildSettings = {
				ASSETCATALOG_COMPILER_APPICON_NAME = AppIcon;
				HEADER_SEARCH_PATHS = (
					"$(inherited)",
					"\"$(TARGET_BUILD_DIR)\"",
					"\"$(BUILD_ROOT)/../IntermediateBuildFilesPath/UninstalledProducts\"",
					"\"${PODS_ROOT}/Headers/Public\"",
					"\"${PODS_ROOT}/Headers/Public/AFNetworking\"",
					"\"${PODS_ROOT}/Headers/Public/APFeed\"",
					"\"${PODS_ROOT}/Headers/Public/Applicaster\"",
					"\"${PODS_ROOT}/Headers/Public/Bolts\"",
					"\"${PODS_ROOT}/Headers/Public/CocoaLumberjack\"",
					"\"${PODS_ROOT}/Headers/Public/FBSDKCoreKit\"",
					"\"${PODS_ROOT}/Headers/Public/FBSDKLoginKit\"",
					"\"${PODS_ROOT}/Headers/Public/FBSDKShareKit\"",
					"\"${PODS_ROOT}/Headers/Public/Flurry-iOS-SDK\"",
					"\"${PODS_ROOT}/Headers/Public/Google-Mobile-Ads-SDK\"",
					"\"${PODS_ROOT}/Headers/Public/GoogleAnalytics\"",
					"\"${PODS_ROOT}/Headers/Public/HockeySDK\"",
					"\"${PODS_ROOT}/Headers/Public/Mixpanel\"",
					"\"${PODS_ROOT}/Headers/Public/TTTAttributedLabel\"",
					"\"${PODS_ROOT}/Headers/Public/comScore-iOS-SDK\"",
				);
				INFOPLIST_FILE = "FeedDemo-ObjectiveC/Info.plist";
				LD_RUNPATH_SEARCH_PATHS = "$(inherited) @executable_path/Frameworks";
				OTHER_LDFLAGS = (
					"$(inherited)",
					"-ObjC",
					"-l\"AFNetworking\"",
					"-l\"Bolts\"",
					"-l\"CocoaLumberjack\"",
					"-l\"FBSDKCoreKit\"",
					"-l\"FBSDKLoginKit\"",
					"-l\"FBSDKShareKit\"",
					"-l\"Flurry-iOS-SDK\"",
					"-l\"Flurry_7.3.0\"",
					"-l\"GoogleAnalytics\"",
					"-l\"Mixpanel\"",
					"-l\"TTTAttributedLabel\"",
					"-l\"c++\"",
					"-l\"comScore\"",
					"-l\"icucore\"",
					"-l\"sqlite3\"",
					"-l\"z\"",
					"-framework",
					"\"AVFoundation\"",
					"-framework",
					"\"Accelerate\"",
					"-framework",
					"\"AssetsLibrary\"",
					"-framework",
					"\"AudioToolbox\"",
					"-framework",
					"\"CoreData\"",
					"-framework",
					"\"CoreGraphics\"",
					"-framework",
					"\"CoreMedia\"",
					"-framework",
					"\"CoreTelephony\"",
					"-framework",
					"\"CoreText\"",
					"-framework",
					"\"EventKit\"",
					"-framework",
					"\"EventKitUI\"",
					"-framework",
					"\"Foundation\"",
					"-framework",
					"\"GoogleMobileAds\"",
					"-framework",
					"\"HockeySDK\"",
					"-framework",
					"\"MessageUI\"",
					"-framework",
					"\"MobileCoreServices\"",
					"-framework",
					"\"QuartzCore\"",
					"-framework",
					"\"QuickLook\"",
					"-framework",
					"\"Security\"",
					"-framework",
					"\"StoreKit\"",
					"-framework",
					"\"SystemConfiguration\"",
					"-framework",
					"\"UIKit\"",
					"-weak_framework",
					"\"Accounts\"",
					"-weak_framework",
					"\"AdSupport\"",
					"-weak_framework",
					"\"AudioToolbox\"",
					"-weak_framework",
					"\"CoreGraphics\"",
					"-weak_framework",
					"\"CoreLocation\"",
					"-weak_framework",
					"\"Foundation\"",
					"-weak_framework",
					"\"QuartzCore\"",
					"-weak_framework",
					"\"Security\"",
					"-weak_framework",
					"\"Social\"",
					"-weak_framework",
					"\"UIKit\"",
					"-lz",
					"-lxml2",
					"-lsqlite3",
					"-lresolv",
					"-liconv",
				);
				PRODUCT_BUNDLE_IDENTIFIER = com.applicaster.applicaster;
				PRODUCT_NAME = "$(TARGET_NAME)";
			};
			name = Release;
		};
		1D3525181C735087004DB5B5 /* Debug */ = {
			isa = XCBuildConfiguration;
			buildSettings = {
				ALWAYS_SEARCH_USER_PATHS = NO;
				CLANG_CXX_LANGUAGE_STANDARD = "gnu++0x";
				CLANG_CXX_LIBRARY = "libc++";
				CLANG_ENABLE_MODULES = YES;
				CLANG_ENABLE_OBJC_ARC = YES;
				CLANG_WARN_BOOL_CONVERSION = YES;
				CLANG_WARN_CONSTANT_CONVERSION = YES;
				CLANG_WARN_DIRECT_OBJC_ISA_USAGE = YES_ERROR;
				CLANG_WARN_EMPTY_BODY = YES;
				CLANG_WARN_ENUM_CONVERSION = YES;
				CLANG_WARN_INT_CONVERSION = YES;
				CLANG_WARN_OBJC_ROOT_CLASS = YES_ERROR;
				CLANG_WARN_UNREACHABLE_CODE = YES;
				CLANG_WARN__DUPLICATE_METHOD_MATCH = YES;
				"CODE_SIGN_IDENTITY[sdk=iphoneos*]" = "iPhone Developer";
				COPY_PHASE_STRIP = NO;
				DEBUG_INFORMATION_FORMAT = dwarf;
				ENABLE_BITCODE = NO;
				ENABLE_STRICT_OBJC_MSGSEND = YES;
				ENABLE_TESTABILITY = YES;
				GCC_C_LANGUAGE_STANDARD = gnu99;
				GCC_DYNAMIC_NO_PIC = NO;
				GCC_NO_COMMON_BLOCKS = YES;
				GCC_OPTIMIZATION_LEVEL = 0;
				GCC_PREPROCESSOR_DEFINITIONS = (
					"DEBUG=1",
					"$(inherited)",
				);
				GCC_WARN_64_TO_32_BIT_CONVERSION = YES;
				GCC_WARN_ABOUT_RETURN_TYPE = YES_ERROR;
				GCC_WARN_UNDECLARED_SELECTOR = YES;
				GCC_WARN_UNINITIALIZED_AUTOS = YES_AGGRESSIVE;
				GCC_WARN_UNUSED_FUNCTION = YES;
				GCC_WARN_UNUSED_VARIABLE = YES;
				IPHONEOS_DEPLOYMENT_TARGET = 7.1;
				MTL_ENABLE_DEBUG_INFO = YES;
				ONLY_ACTIVE_ARCH = YES;
				SDKROOT = iphoneos;
				TARGETED_DEVICE_FAMILY = "1,2";
			};
			name = Debug;
		};
		1D3525191C735087004DB5B5 /* Release */ = {
			isa = XCBuildConfiguration;
			buildSettings = {
				ALWAYS_SEARCH_USER_PATHS = NO;
				CLANG_CXX_LANGUAGE_STANDARD = "gnu++0x";
				CLANG_CXX_LIBRARY = "libc++";
				CLANG_ENABLE_MODULES = YES;
				CLANG_ENABLE_OBJC_ARC = YES;
				CLANG_WARN_BOOL_CONVERSION = YES;
				CLANG_WARN_CONSTANT_CONVERSION = YES;
				CLANG_WARN_DIRECT_OBJC_ISA_USAGE = YES_ERROR;
				CLANG_WARN_EMPTY_BODY = YES;
				CLANG_WARN_ENUM_CONVERSION = YES;
				CLANG_WARN_INT_CONVERSION = YES;
				CLANG_WARN_OBJC_ROOT_CLASS = YES_ERROR;
				CLANG_WARN_UNREACHABLE_CODE = YES;
				CLANG_WARN__DUPLICATE_METHOD_MATCH = YES;
				"CODE_SIGN_IDENTITY[sdk=iphoneos*]" = "iPhone Developer";
				COPY_PHASE_STRIP = NO;
				DEBUG_INFORMATION_FORMAT = "dwarf-with-dsym";
				ENABLE_BITCODE = NO;
				ENABLE_NS_ASSERTIONS = NO;
				ENABLE_STRICT_OBJC_MSGSEND = YES;
				GCC_C_LANGUAGE_STANDARD = gnu99;
				GCC_NO_COMMON_BLOCKS = YES;
				GCC_WARN_64_TO_32_BIT_CONVERSION = YES;
				GCC_WARN_ABOUT_RETURN_TYPE = YES_ERROR;
				GCC_WARN_UNDECLARED_SELECTOR = YES;
				GCC_WARN_UNINITIALIZED_AUTOS = YES_AGGRESSIVE;
				GCC_WARN_UNUSED_FUNCTION = YES;
				GCC_WARN_UNUSED_VARIABLE = YES;
				IPHONEOS_DEPLOYMENT_TARGET = 7.1;
				MTL_ENABLE_DEBUG_INFO = NO;
				SDKROOT = iphoneos;
				TARGETED_DEVICE_FAMILY = "1,2";
				VALIDATE_PRODUCT = YES;
			};
			name = Release;
		};
		1D35251B1C735087004DB5B5 /* Debug */ = {
			isa = XCBuildConfiguration;
			baseConfigurationReference = 97BA2F8B5EC084E115BBA855 /* Pods-FeedDemo-ObjectiveC.debug.xcconfig */;
			buildSettings = {
				ASSETCATALOG_COMPILER_APPICON_NAME = AppIcon;
				FRAMEWORK_SEARCH_PATHS = (
					"$(inherited)",
					"\"${PODS_ROOT}/APFeed\"/**",
					"\"${PODS_ROOT}/Applicaster\"/**",
					"\"${PODS_ROOT}/Google-Mobile-Ads-SDK/GoogleMobileAdsSdkiOS-7.6.0\"",
					"\"${PODS_ROOT}/HockeySDK/HockeySDK-iOS/HockeySDK.embeddedframework\"",
				);
				HEADER_SEARCH_PATHS = (
					"$(inherited)",
					"\"${PODS_ROOT}/Headers/Public\"",
					"\"${PODS_ROOT}/Headers/Public/AFNetworking\"",
					"\"${PODS_ROOT}/Headers/Public/APFeed\"/**",
					"\"${PODS_ROOT}/Headers/Public/Applicaster\"/**",
					"\"${PODS_ROOT}/Headers/Public/Bolts\"",
					"\"${PODS_ROOT}/Headers/Public/CocoaLumberjack\"",
					"\"${PODS_ROOT}/Headers/Public/FBSDKCoreKit\"",
					"\"${PODS_ROOT}/Headers/Public/FBSDKLoginKit\"",
					"\"${PODS_ROOT}/Headers/Public/FBSDKShareKit\"",
					"\"${PODS_ROOT}/Headers/Public/Flurry-iOS-SDK\"",
					"\"${PODS_ROOT}/Headers/Public/Google-Mobile-Ads-SDK\"",
					"\"${PODS_ROOT}/Headers/Public/GoogleAnalytics\"",
					"\"${PODS_ROOT}/Headers/Public/HockeySDK\"",
					"\"${PODS_ROOT}/Headers/Public/Mixpanel\"",
					"\"${PODS_ROOT}/Headers/Public/TTTAttributedLabel\"",
					"\"${PODS_ROOT}/Headers/Public/comScore-iOS-SDK\"",
				);
				INFOPLIST_FILE = "FeedDemo-ObjectiveC/Info.plist";
				LD_RUNPATH_SEARCH_PATHS = "$(inherited) @executable_path/Frameworks";
				PRODUCT_BUNDLE_IDENTIFIER = com.applicaster.applicaster;
				PRODUCT_NAME = "$(TARGET_NAME)";
			};
			name = Debug;
		};
		1D35251C1C735087004DB5B5 /* Release */ = {
			isa = XCBuildConfiguration;
			baseConfigurationReference = F75B7B72ED90E165BF19CD26 /* Pods-FeedDemo-ObjectiveC.release.xcconfig */;
			buildSettings = {
				ASSETCATALOG_COMPILER_APPICON_NAME = AppIcon;
				FRAMEWORK_SEARCH_PATHS = (
					"$(inherited)",
					"\"${PODS_ROOT}/APFeed\"/**",
					"\"${PODS_ROOT}/Applicaster\"/**",
					"\"${PODS_ROOT}/Google-Mobile-Ads-SDK/GoogleMobileAdsSdkiOS-7.6.0\"",
					"\"${PODS_ROOT}/HockeySDK/HockeySDK-iOS/HockeySDK.embeddedframework\"",
				);
				HEADER_SEARCH_PATHS = (
					"$(inherited)",
					"\"${PODS_ROOT}/Headers/Public\"",
					"\"${PODS_ROOT}/Headers/Public/AFNetworking\"",
					"\"${PODS_ROOT}/Headers/Public/APFeed\"/**",
					"\"${PODS_ROOT}/Headers/Public/Applicaster\"/**",
					"\"${PODS_ROOT}/Headers/Public/Bolts\"",
					"\"${PODS_ROOT}/Headers/Public/CocoaLumberjack\"",
					"\"${PODS_ROOT}/Headers/Public/FBSDKCoreKit\"",
					"\"${PODS_ROOT}/Headers/Public/FBSDKLoginKit\"",
					"\"${PODS_ROOT}/Headers/Public/FBSDKShareKit\"",
					"\"${PODS_ROOT}/Headers/Public/Flurry-iOS-SDK\"",
					"\"${PODS_ROOT}/Headers/Public/Google-Mobile-Ads-SDK\"",
					"\"${PODS_ROOT}/Headers/Public/GoogleAnalytics\"",
					"\"${PODS_ROOT}/Headers/Public/HockeySDK\"",
					"\"${PODS_ROOT}/Headers/Public/Mixpanel\"",
					"\"${PODS_ROOT}/Headers/Public/TTTAttributedLabel\"",
					"\"${PODS_ROOT}/Headers/Public/comScore-iOS-SDK\"",
				);
				INFOPLIST_FILE = "FeedDemo-ObjectiveC/Info.plist";
				LD_RUNPATH_SEARCH_PATHS = "$(inherited) @executable_path/Frameworks";
				PRODUCT_BUNDLE_IDENTIFIER = com.applicaster.applicaster;
				PRODUCT_NAME = "$(TARGET_NAME)";
			};
			name = Release;
		};
/* End XCBuildConfiguration section */

/* Begin XCConfigurationList section */
		1D15EA451C846F140055BADE /* Build configuration list for PBXNativeTarget "Applicaster-Development" */ = {
			isa = XCConfigurationList;
			buildConfigurations = (
				1D15EA431C846F140055BADE /* Debug */,
				1D15EA441C846F140055BADE /* Release */,
			);
			defaultConfigurationIsVisible = 0;
			defaultConfigurationName = Release;
		};
		1D3524FE1C735087004DB5B5 /* Build configuration list for PBXProject "FeedDemo-ObjectiveC" */ = {
			isa = XCConfigurationList;
			buildConfigurations = (
				1D3525181C735087004DB5B5 /* Debug */,
				1D3525191C735087004DB5B5 /* Release */,
			);
			defaultConfigurationIsVisible = 0;
			defaultConfigurationName = Release;
		};
		1D35251A1C735087004DB5B5 /* Build configuration list for PBXNativeTarget "FeedDemo-ObjectiveC" */ = {
			isa = XCConfigurationList;
			buildConfigurations = (
				1D35251B1C735087004DB5B5 /* Debug */,
				1D35251C1C735087004DB5B5 /* Release */,
			);
			defaultConfigurationIsVisible = 0;
			defaultConfigurationName = Release;
		};
/* End XCConfigurationList section */
	};
	rootObject = 1D3524FB1C735087004DB5B5 /* Project object */;
}
